%{
  "basex": {:hex, :basex, "1.3.2", "3d691095958e64d655795312be4e42f88dbac18e23896da02079e57ecd060573", [:mix], [], "hexpm", "4c4ba558d6fe92a962ebdf3d16b85fa1767fd942f1879e074b28c8432854ab51"},
  "bunt": {:hex, :bunt, "0.2.0", "951c6e801e8b1d2cbe58ebbd3e616a869061ddadcc4863d0a2182541acae9a38", [:mix], [], "hexpm", "7af5c7e09fe1d40f76c8e4f9dd2be7cebd83909f31fee7cd0e9eadc567da8353"},
  "chacha20": {:hex, :chacha20, "1.0.2", "73c5e96eba5e94917603a43c5c7c6b049436a5d71d9d3182781c345d87d28c8b", [:mix], [], "hexpm", "549b89314cbffa0893ef923d999d625c227cab5f1301133598793225f02a3963"},
  "credo": {:hex, :credo, "1.4.1", "16392f1edd2cdb1de9fe4004f5ab0ae612c92e230433968eab00aafd976282fc", [:mix], [{:bunt, "~> 0.2.0", [hex: :bunt, repo: "hexpm", optional: false]}, {:jason, "~> 1.0", [hex: :jason, repo: "hexpm", optional: false]}], "hexpm", "155f8a2989ad77504de5d8291fa0d41320fdcaa6a1030472e9967f285f8c7692"},
  "curve25519": {:hex, :curve25519, "1.0.3", "101248eeb2ed28f1b8d2d423cf560bfc99f5e22bae5a2bb113fd24efad05fae1", [:mix], [], "hexpm", "aa936079df2bcefb5cffa68840dc048f222fb7a5cb5827c735dacddba30e3b23"},
  "earmark": {:hex, :earmark, "1.4.10", "bddce5e8ea37712a5bfb01541be8ba57d3b171d3fa4f80a0be9bcf1db417bcaf", [:mix], [{:earmark_parser, ">= 1.4.10", [hex: :earmark_parser, repo: "hexpm", optional: false]}], "hexpm", "12dbfa80810478e521d3ffb941ad9fbfcbbd7debe94e1341b4c4a1b2411c1c27"},
  "earmark_parser": {:hex, :earmark_parser, "1.4.10", "6603d7a603b9c18d3d20db69921527f82ef09990885ed7525003c7fe7dc86c56", [:mix], [], "hexpm", "8e2d5370b732385db2c9b22215c3f59c84ac7dda7ed7e544d7c459496ae519c0"},
  "ed25519": {:hex, :ed25519, "1.3.2", "e3a2d4badf57f0799279cf09925bd761ec38df6df3696e266585626280b5c0ad", [:mix], [], "hexpm", "2290e46e0e23717adbe20632c6dd29aa71a46ca6e153ef7ba41fe1204f66f859"},
  "equivalex": {:hex, :equivalex, "1.0.2", "b9a9aaf79f2556288f514218653beaddb15afa2af407bfec37c5c4906e39f514", [:mix], [], "hexpm", "f7f8127c59be715ee6288f8c59fa8fc40e6428fb5c9bd2a001de2c9b1ff3f1c2"},
  "ex_doc": {:hex, :ex_doc, "0.23.0", "a069bc9b0bf8efe323ecde8c0d62afc13d308b1fa3d228b65bca5cf8703a529d", [:mix], [{:earmark_parser, "~> 1.4.0", [hex: :earmark_parser, repo: "hexpm", optional: false]}, {:makeup_elixir, "~> 0.14", [hex: :makeup_elixir, repo: "hexpm", optional: false]}], "hexpm", "f5e2c4702468b2fd11b10d39416ddadd2fcdd173ba2a0285ebd92c39827a5a16"},
  "jason": {:hex, :jason, "1.2.2", "ba43e3f2709fd1aa1dce90aaabfd039d000469c05c56f0b8e31978e03fa39052", [:mix], [{:decimal, "~> 1.0 or ~> 2.0", [hex: :decimal, repo: "hexpm", optional: true]}], "hexpm", "18a228f5f0058ee183f29f9eae0805c6e59d61c3b006760668d8d18ff0d12179"},
  "kcl": {:hex, :kcl, "1.3.1", "0d84a4259f097bc11eb4d20994c2f26acb35ea2ca5978e7abbee49e5f3a0bad2", [:mix], [{:curve25519, ">= 1.0.2", [hex: :curve25519, repo: "hexpm", optional: false]}, {:ed25519, "~> 1.3", [hex: :ed25519, repo: "hexpm", optional: false]}, {:poly1305, "~> 1.0", [hex: :poly1305, repo: "hexpm", optional: false]}, {:salsa20, "~> 1.0", [hex: :salsa20, repo: "hexpm", optional: false]}], "hexpm", "0936f8892426b42da2e01a9c8459046729f39025c45cc40bf8cbcdeb18e230d6"},
  "makeup": {:hex, :makeup, "1.0.5", "d5a830bc42c9800ce07dd97fa94669dfb93d3bf5fcf6ea7a0c67b2e0e4a7f26c", [:mix], [{:nimble_parsec, "~> 0.5 or ~> 1.0", [hex: :nimble_parsec, repo: "hexpm", optional: false]}], "hexpm", "cfa158c02d3f5c0c665d0af11512fed3fba0144cf1aadee0f2ce17747fba2ca9"},
  "makeup_elixir": {:hex, :makeup_elixir, "0.15.0", "98312c9f0d3730fde4049985a1105da5155bfe5c11e47bdc7406d88e01e4219b", [:mix], [{:makeup, "~> 1.0", [hex: :makeup, repo: "hexpm", optional: false]}, {:nimble_parsec, "~> 1.1", [hex: :nimble_parsec, repo: "hexpm", optional: false]}], "hexpm", "75ffa34ab1056b7e24844c90bfc62aaf6f3a37a15faa76b07bc5eba27e4a8b4a"},
  "msgpax": {:hex, :msgpax, "2.2.4", "7b3790ef684089076b63c0f08c2f4b079c6311daeb006b69e4ed2bf67518291e", [:mix], [{:plug, "~> 1.0", [hex: :plug, repo: "hexpm", optional: true]}], "hexpm", "b351b6d992d79624a8430a99d21a41b36b1b90edf84326a294e9f4a2de11f089"},
  "nimble_parsec": {:hex, :nimble_parsec, "1.1.0", "3a6fca1550363552e54c216debb6a9e95bd8d32348938e13de5eda962c0d7f89", [:mix], [], "hexpm", "08eb32d66b706e913ff748f11694b17981c0b04a33ef470e33e11b3d3ac8f54b"},
  "poly1305": {:hex, :poly1305, "1.0.2", "c6bb74cbe79747cc12aa1580791c2bd8e0f062bc8faaf117b756e675cfaea03d", [:mix], [{:chacha20, "~> 1.0", [hex: :chacha20, repo: "hexpm", optional: false]}, {:equivalex, "~> 1.0", [hex: :equivalex, repo: "hexpm", optional: false]}], "hexpm", "d0a0f8be324e7bfdd61e8e52215024a025816f3a7f665c274ad5bea154480c2b"},
  "salsa20": {:hex, :salsa20, "1.0.2", "558fddb4169b1f90b1748d42e9221ba8d1354c414a03361308cc7bc0fd2f45c7", [:mix], [], "hexpm", "8d0d394c67da8d44073cbf2c030c4e0e04e7bed92967761be60419d8d46df18d"},
}
